
Microsoft Visual Studio Solution File, Format Version 12.00
# Visual Studio Version 17
VisualStudioVersion = 17.14.36908.2 d17.14
MinimumVisualStudioVersion = 10.0.40219.1
Project("{FAE04EC0-301F-11D3-BF4B-00C04F79EFBC}") = "InteriorDesignPlanner.API", "InteriorDesignPlanner.API\InteriorDesignPlanner.API.csproj", "{98F8A1DD-B66A-469D-918F-5DA20C051ED7}"
EndProject
Project("{FAE04EC0-301F-11D3-BF4B-00C04F79EFBC}") = "InteriorDesignPlanner.Client", "InteriorDesignPlanner.Client\InteriorDesignPlanner.Client.csproj", "{49A2DC72-0EA6-4AE0-A4F6-8F3D2869C5D1}"
EndProject
Project("{2150E333-8FDC-42A3-9474-1A3956D46DE8}") = "Solution Items", "Solution Items", "{8EC462FD-D22E-90A8-E5CE-7E832BA40C5D}"
	ProjectSection(SolutionItems) = preProject
		README.md = README.md
	EndProjectSection
EndProject
Global
	GlobalSection(SolutionConfigurationPlatforms) = preSolution
		Debug|Any CPU = Debug|Any CPU
		Release|Any CPU = Release|Any CPU
	EndGlobalSection
	GlobalSection(ProjectConfigurationPlatforms) = postSolution
		{98F8A1DD-B66A-469D-918F-5DA20C051ED7}.Debug|Any CPU.ActiveCfg = Debug|Any CPU
		{98F8A1DD-B66A-469D-918F-5DA20C051ED7}.Debug|Any CPU.Build.0 = Debug|Any CPU
		{98F8A1DD-B66A-469D-918F-5DA20C051ED7}.Release|Any CPU.ActiveCfg = Release|Any CPU
		{98F8A1DD-B66A-469D-918F-5DA20C051ED7}.Release|Any CPU.Build.0 = Release|Any CPU
		{49A2DC72-0EA6-4AE0-A4F6-8F3D2869C5D1}.Debug|Any CPU.ActiveCfg = Debug|Any CPU
		{49A2DC72-0EA6-4AE0-A4F6-8F3D2869C5D1}.Debug|Any CPU.Build.0 = Debug|Any CPU
		{49A2DC72-0EA6-4AE0-A4F6-8F3D2869C5D1}.Release|Any CPU.ActiveCfg = Release|Any CPU
		{49A2DC72-0EA6-4AE0-A4F6-8F3D2869C5D1}.Release|Any CPU.Build.0 = Release|Any CPU
	EndGlobalSection
	GlobalSection(SolutionProperties) = preSolution
		HideSolutionNode = FALSE
	EndGlobalSection
	GlobalSection(ExtensibilityGlobals) = postSolution
		SolutionGuid = {78D6FBCC-7981-4E95-8C79-7477B0F1B142}
	EndGlobalSection
EndGlobal
